
Microsoft Visual Studio Solution File, Format Version 12.00
# Visual Studio Version 17
VisualStudioVersion = 17.7.34221.43
MinimumVisualStudioVersion = 10.0.40219.1
Project("{FAE04EC0-301F-11D3-BF4B-00C04F79EFBC}") = "WebApplication6", "WebApplication6\WebApplication6.csproj", "{9F506868-F3AB-46C0-8DA8-2D04F4555728}"
EndProject
Project("{FAE04EC0-301F-11D3-BF4B-00C04F79EFBC}") = "TestProject1", "TestProject1\TestProject1.csproj", "{817DD5F7-FE36-4105-B629-1BE0B9A3A0C2}"
EndProject
Global
	GlobalSection(SolutionConfigurationPlatforms) = preSolution
		Debug|Any CPU = Debug|Any CPU
		Release|Any CPU = Release|Any CPU
	EndGlobalSection
	GlobalSection(ProjectConfigurationPlatforms) = postSolution
		{9F506868-F3AB-46C0-8DA8-2D04F4555728}.Debug|Any CPU.ActiveCfg = Debug|Any CPU
		{9F506868-F3AB-46C0-8DA8-2D04F4555728}.Debug|Any CPU.Build.0 = Debug|Any CPU
		{9F506868-F3AB-46C0-8DA8-2D04F4555728}.Release|Any CPU.ActiveCfg = Release|Any CPU
		{9F506868-F3AB-46C0-8DA8-2D04F4555728}.Release|Any CPU.Build.0 = Release|Any CPU
		{817DD5F7-FE36-4105-B629-1BE0B9A3A0C2}.Debug|Any CPU.ActiveCfg = Debug|Any CPU
		{817DD5F7-FE36-4105-B629-1BE0B9A3A0C2}.Debug|Any CPU.Build.0 = Debug|Any CPU
		{817DD5F7-FE36-4105-B629-1BE0B9A3A0C2}.Release|Any CPU.ActiveCfg = Release|Any CPU
		{817DD5F7-FE36-4105-B629-1BE0B9A3A0C2}.Release|Any CPU.Build.0 = Release|Any CPU
	EndGlobalSection
	GlobalSection(SolutionProperties) = preSolution
		HideSolutionNode = FALSE
	EndGlobalSection
	GlobalSection(ExtensibilityGlobals) = postSolution
		SolutionGuid = {647E5137-D36A-4D73-A684-C88EB9CD8AD1}
	EndGlobalSection
EndGlobal
